
Microsoft Visual Studio Solution File, Format Version 12.00
# Visual Studio Version 17
VisualStudioVersion = 17.14.36717.8 d17.14
MinimumVisualStudioVersion = 10.0.40219.1
Project("{FAE04EC0-301F-11D3-BF4B-00C04F79EFBC}") = "SistemaVeredas", "SistemaVeredas.csproj", "{FDBB5DA5-7533-4D28-BEA4-699E22367BB2}"
EndProject
Project("{FAE04EC0-301F-11D3-BF4B-00C04F79EFBC}") = "SistemaVeredas.Tests", "SistemaVeredas.Tests\SistemaVeredas.Tests.csproj", "{32354473-10B2-4540-B669-FAA2BB18241C}"
EndProject
Global
	GlobalSection(SolutionConfigurationPlatforms) = preSolution
		Debug|Any CPU = Debug|Any CPU
		Release|Any CPU = Release|Any CPU
	EndGlobalSection
	GlobalSection(ProjectConfigurationPlatforms) = postSolution
		{FDBB5DA5-7533-4D28-BEA4-699E22367BB2}.Debug|Any CPU.ActiveCfg = Debug|Any CPU
		{FDBB5DA5-7533-4D28-BEA4-699E22367BB2}.Debug|Any CPU.Build.0 = Debug|Any CPU
		{FDBB5DA5-7533-4D28-BEA4-699E22367BB2}.Release|Any CPU.ActiveCfg = Release|Any CPU
		{FDBB5DA5-7533-4D28-BEA4-699E22367BB2}.Release|Any CPU.Build.0 = Release|Any CPU
		{32354473-10B2-4540-B669-FAA2BB18241C}.Debug|Any CPU.ActiveCfg = Debug|Any CPU
		{32354473-10B2-4540-B669-FAA2BB18241C}.Debug|Any CPU.Build.0 = Debug|Any CPU
		{32354473-10B2-4540-B669-FAA2BB18241C}.Release|Any CPU.ActiveCfg = Release|Any CPU
		{32354473-10B2-4540-B669-FAA2BB18241C}.Release|Any CPU.Build.0 = Release|Any CPU
	EndGlobalSection
	GlobalSection(SolutionProperties) = preSolution
		HideSolutionNode = FALSE
	EndGlobalSection
	GlobalSection(ExtensibilityGlobals) = postSolution
		SolutionGuid = {21079419-15C8-4B35-BC96-5EE79452A1BD}
	EndGlobalSection
EndGlobal
